// !$*UTF8*$!
{
	archiveVersion = 1;
	classes = {
	};
	objectVersion = 77;
	objects = {

/* Begin PBXBuildFile section */
		1505B6D82D3AC3AB001F1EB9 /* FirebaseAuth in Frameworks */ = {isa = PBXBuildFile; productRef = 1505B6D72D3AC3AB001F1EB9 /* FirebaseAuth */; };
		1505B6DA2D3AC3AB001F1EB9 /* FirebaseFirestore in Frameworks */ = {isa = PBXBuildFile; productRef = 1505B6D92D3AC3AB001F1EB9 /* FirebaseFirestore */; };
/* End PBXBuildFile section */

/* Begin PBXContainerItemProxy section */
		1505B6BA2D3AC348001F1EB9 /* PBXContainerItemProxy */ = {
			isa = PBXContainerItemProxy;
			containerPortal = 1505B6A12D3AC348001F1EB9 /* Project object */;
			proxyType = 1;
			remoteGlobalIDString = 1505B6A82D3AC348001F1EB9;
			remoteInfo = "Authentication Tutorial";
		};
		1505B6C42D3AC348001F1EB9 /* PBXContainerItemProxy */ = {
			isa = PBXContainerItemProxy;
			containerPortal = 1505B6A12D3AC348001F1EB9 /* Project object */;
			proxyType = 1;
			remoteGlobalIDString = 1505B6A82D3AC348001F1EB9;
			remoteInfo = "Authentication Tutorial";
		};
/* End PBXContainerItemProxy section */

/* Begin PBXFileReference section */
		1505B6A92D3AC348001F1EB9 /* Authentication Tutorial.app */ = {isa = PBXFileReference; explicitFileType = wrapper.application; includeInIndex = 0; path = "Authentication Tutorial.app"; sourceTree = BUILT_PRODUCTS_DIR; };
		1505B6B92D3AC348001F1EB9 /* Authentication TutorialTests.xctest */ = {isa = PBXFileReference; explicitFileType = wrapper.cfbundle; includeInIndex = 0; path = "Authentication TutorialTests.xctest"; sourceTree = BUILT_PRODUCTS_DIR; };
		1505B6C32D3AC348001F1EB9 /* Authentication TutorialUITests.xctest */ = {isa = PBXFileReference; explicitFileType = wrapper.cfbundle; includeInIndex = 0; path = "Authentication TutorialUITests.xctest"; sourceTree = BUILT_PRODUCTS_DIR; };
/* End PBXFileReference section */

/* Begin PBXFileSystemSynchronizedRootGroup section */
		1505B6AB2D3AC348001F1EB9 /* Authentication Tutorial */ = {
			isa = PBXFileSystemSynchronizedRootGroup;
			path = "Authentication Tutorial";
			sourceTree = "<group>";
		};
		1505B6BC2D3AC348001F1EB9 /* Authentication TutorialTests */ = {
			isa = PBXFileSystemSynchronizedRootGroup;
			path = "Authentication TutorialTests";
			sourceTree = "<group>";
		};
		1505B6C62D3AC348001F1EB9 /* Authentication TutorialUITests */ = {
			isa = PBXFileSystemSynchronizedRootGroup;
			path = "Authentication TutorialUITests";
			sourceTree = "<group>";
		};
/* End PBXFileSystemSynchronizedRootGroup section */

/* Begin PBXFrameworksBuildPhase section */
		1505B6A62D3AC348001F1EB9 /* Frameworks */ = {
			isa = PBXFrameworksBuildPhase;
			buildActionMask = 2147483647;
			files = (
				1505B6D82D3AC3AB001F1EB9 /* FirebaseAuth in Frameworks */,
				1505B6DA2D3AC3AB001F1EB9 /* FirebaseFirestore in Frameworks */,
			);
			runOnlyForDeploymentPostprocessing = 0;
		};
		1505B6B62D3AC348001F1EB9 /* Frameworks */ = {
			isa = PBXFrameworksBuildPhase;
			buildActionMask = 2147483647;
			files = (
			);
			runOnlyForDeploymentPostprocessing = 0;
		};
		1505B6C02D3AC348001F1EB9 /* Frameworks */ = {
			isa = PBXFrameworksBuildPhase;
			buildActionMask = 2147483647;
			files = (
			);
			runOnlyForDeploymentPostprocessing = 0;
		};
/* End PBXFrameworksBuildPhase section */

/* Begin PBXGroup section */
		1505B6A02D3AC348001F1EB9 = {
			isa = PBXGroup;
			children = (
				1505B6AB2D3AC348001F1EB9 /* Authentication Tutorial */,
				1505B6BC2D3AC348001F1EB9 /* Authentication TutorialTests */,
				1505B6C62D3AC348001F1EB9 /* Authentication TutorialUITests */,
				1505B6AA2D3AC348001F1EB9 /* Products */,
			);
			sourceTree = "<group>";
		};
		1505B6AA2D3AC348001F1EB9 /* Products */ = {
			isa = PBXGroup;
			children = (
				1505B6A92D3AC348001F1EB9 /* Authentication Tutorial.app */,
				1505B6B92D3AC348001F1EB9 /* Authentication TutorialTests.xctest */,
				1505B6C32D3AC348001F1EB9 /* Authentication TutorialUITests.xctest */,
			);
			name = Products;
			sourceTree = "<group>";
		};
/* End PBXGroup section */

/* Begin PBXNativeTarget section */
		1505B6A82D3AC348001F1EB9 /* Authentication Tutorial */ = {
			isa = PBXNativeTarget;
			buildConfigurationList = 1505B6CD2D3AC349001F1EB9 /* Build configuration list for PBXNativeTarget "Authentication Tutorial" */;
			buildPhases = (
				1505B6A52D3AC348001F1EB9 /* Sources */,
				1505B6A62D3AC348001F1EB9 /* Frameworks */,
				1505B6A72D3AC348001F1EB9 /* Resources */,
			);
			buildRules = (
			);
			dependencies = (
			);
			fileSystemSynchronizedGroups = (
				1505B6AB2D3AC348001F1EB9 /* Authentication Tutorial */,
			);
			name = "Authentication Tutorial";
			packageProductDependencies = (
				1505B6D72D3AC3AB001F1EB9 /* FirebaseAuth */,
				1505B6D92D3AC3AB001F1EB9 /* FirebaseFirestore */,
			);
			productName = "Authentication Tutorial";
			productReference = 1505B6A92D3AC348001F1EB9 /* Authentication Tutorial.app */;
			productType = "com.apple.product-type.application";
		};
		1505B6B82D3AC348001F1EB9 /* Authentication TutorialTests */ = {
			isa = PBXNativeTarget;
			buildConfigurationList = 1505B6D02D3AC349001F1EB9 /* Build configuration list for PBXNativeTarget "Authentication TutorialTests" */;
			buildPhases = (
				1505B6B52D3AC348001F1EB9 /* Sources */,
				1505B6B62D3AC348001F1EB9 /* Frameworks */,
				1505B6B72D3AC348001F1EB9 /* Resources */,
			);
			buildRules = (
			);
			dependencies = (
				1505B6BB2D3AC348001F1EB9 /* PBXTargetDependency */,
			);
			fileSystemSynchronizedGroups = (
				1505B6BC2D3AC348001F1EB9 /* Authentication TutorialTests */,
			);
			name = "Authentication TutorialTests";
			packageProductDependencies = (
			);
			productName = "Authentication TutorialTests";
			productReference = 1505B6B92D3AC348001F1EB9 /* Authentication TutorialTests.xctest */;
			productType = "com.apple.product-type.bundle.unit-test";
		};
		1505B6C22D3AC348001F1EB9 /* Authentication TutorialUITests */ = {
			isa = PBXNativeTarget;
			buildConfigurationList = 1505B6D32D3AC349001F1EB9 /* Build configuration list for PBXNativeTarget "Authentication TutorialUITests" */;
			buildPhases = (
				1505B6BF2D3AC348001F1EB9 /* Sources */,
				1505B6C02D3AC348001F1EB9 /* Frameworks */,
				1505B6C12D3AC348001F1EB9 /* Resources */,
			);
			buildRules = (
			);
			dependencies = (
				1505B6C52D3AC348001F1EB9 /* PBXTargetDependency */,
			);
			fileSystemSynchronizedGroups = (
				1505B6C62D3AC348001F1EB9 /* Authentication TutorialUITests */,
			);
			name = "Authentication TutorialUITests";
			packageProductDependencies = (
			);
			productName = "Authentication TutorialUITests";
			productReference = 1505B6C32D3AC348001F1EB9 /* Authentication TutorialUITests.xctest */;
			productType = "com.apple.product-type.bundle.ui-testing";
		};
/* End PBXNativeTarget section */

/* Begin PBXProject section */
		1505B6A12D3AC348001F1EB9 /* Project object */ = {
			isa = PBXProject;
			attributes = {
				BuildIndependentTargetsInParallel = 1;
				LastSwiftUpdateCheck = 1620;
				LastUpgradeCheck = 1620;
				TargetAttributes = {
					1505B6A82D3AC348001F1EB9 = {
						CreatedOnToolsVersion = 16.2;
					};
					1505B6B82D3AC348001F1EB9 = {
						CreatedOnToolsVersion = 16.2;
						TestTargetID = 1505B6A82D3AC348001F1EB9;
					};
					1505B6C22D3AC348001F1EB9 = {
						CreatedOnToolsVersion = 16.2;
						TestTargetID = 1505B6A82D3AC348001F1EB9;
					};
				};
			};
			buildConfigurationList = 1505B6A42D3AC348001F1EB9 /* Build configuration list for PBXProject "Authentication Tutorial" */;
			developmentRegion = en;
			hasScannedForEncodings = 0;
			knownRegions = (
				en,
				Base,
			);
			mainGroup = 1505B6A02D3AC348001F1EB9;
			minimizedProjectReferenceProxies = 1;
			packageReferences = (
				1505B6D62D3AC3AB001F1EB9 /* XCRemoteSwiftPackageReference "firebase-ios-sdk" */,
			);
			preferredProjectObjectVersion = 77;
			productRefGroup = 1505B6AA2D3AC348001F1EB9 /* Products */;
			projectDirPath = "";
			projectRoot = "";
			targets = (
				1505B6A82D3AC348001F1EB9 /* Authentication Tutorial */,
				1505B6B82D3AC348001F1EB9 /* Authentication TutorialTests */,
				1505B6C22D3AC348001F1EB9 /* Authentication TutorialUITests */,
			);
		};
/* End PBXProject section */

/* Begin PBXResourcesBuildPhase section */
		1505B6A72D3AC348001F1EB9 /* Resources */ = {
			isa = PBXResourcesBuildPhase;
			buildActionMask = 2147483647;
			files = (
			);
			runOnlyForDeploymentPostprocessing = 0;
		};
		1505B6B72D3AC348001F1EB9 /* Resources */ = {
			isa = PBXResourcesBuildPhase;
			buildActionMask = 2147483647;
			files = (
			);
			runOnlyForDeploymentPostprocessing = 0;
		};
		1505B6C12D3AC348001F1EB9 /* Resources */ = {
			isa = PBXResourcesBuildPhase;
			buildActionMask = 2147483647;
			files = (
			);
			runOnlyForDeploymentPostprocessing = 0;
		};
/* End PBXResourcesBuildPhase section */

/* Begin PBXSourcesBuildPhase section */
		1505B6A52D3AC348001F1EB9 /* Sources */ = {
			isa = PBXSourcesBuildPhase;
			buildActionMask = 2147483647;
			files = (
			);
			runOnlyForDeploymentPostprocessing = 0;
		};
		1505B6B52D3AC348001F1EB9 /* Sources */ = {
			isa = PBXSourcesBuildPhase;
			buildActionMask = 2147483647;
			files = (
			);
			runOnlyForDeploymentPostprocessing = 0;
		};
		1505B6BF2D3AC348001F1EB9 /* Sources */ = {
			isa = PBXSourcesBuildPhase;
			buildActionMask = 2147483647;
			files = (
			);
			runOnlyForDeploymentPostprocessing = 0;
		};
/* End PBXSourcesBuildPhase section */

/* Begin PBXTargetDependency section */
		1505B6BB2D3AC348001F1EB9 /* PBXTargetDependency */ = {
			isa = PBXTargetDependency;
			target = 1505B6A82D3AC348001F1EB9 /* Authentication Tutorial */;
			targetProxy = 1505B6BA2D3AC348001F1EB9 /* PBXContainerItemProxy */;
		};
		1505B6C52D3AC348001F1EB9 /* PBXTargetDependency */ = {
			isa = PBXTargetDependency;
			target = 1505B6A82D3AC348001F1EB9 /* Authentication Tutorial */;
			targetProxy = 1505B6C42D3AC348001F1EB9 /* PBXContainerItemProxy */;
		};
/* End PBXTargetDependency section */

/* Begin XCBuildConfiguration section */
		1505B6CB2D3AC349001F1EB9 /* Debug */ = {
			isa = XCBuildConfiguration;
			buildSettings = {
				ALWAYS_SEARCH_USER_PATHS = NO;
				ASSETCATALOG_COMPILER_GENERATE_SWIFT_ASSET_SYMBOL_EXTENSIONS = YES;
				CLANG_ANALYZER_NONNULL = YES;
				CLANG_ANALYZER_NUMBER_OBJECT_CONVERSION = YES_AGGRESSIVE;
				CLANG_CXX_LANGUAGE_STANDARD = "gnu++20";
				CLANG_ENABLE_MODULES = YES;
				CLANG_ENABLE_OBJC_ARC = YES;
				CLANG_ENABLE_OBJC_WEAK = YES;
				CLANG_WARN_BLOCK_CAPTURE_AUTORELEASING = YES;
				CLANG_WARN_BOOL_CONVERSION = YES;
				CLANG_WARN_COMMA = YES;
				CLANG_WARN_CONSTANT_CONVERSION = YES;
				CLANG_WARN_DEPRECATED_OBJC_IMPLEMENTATIONS = YES;
				CLANG_WARN_DIRECT_OBJC_ISA_USAGE = YES_ERROR;
				CLANG_WARN_DOCUMENTATION_COMMENTS = YES;
				CLANG_WARN_EMPTY_BODY = YES;
				CLANG_WARN_ENUM_CONVERSION = YES;
				CLANG_WARN_INFINITE_RECURSION = YES;
				CLANG_WARN_INT_CONVERSION = YES;
				CLANG_WARN_NON_LITERAL_NULL_CONVERSION = YES;
				CLANG_WARN_OBJC_IMPLICIT_RETAIN_SELF = YES;
				CLANG_WARN_OBJC_LITERAL_CONVERSION = YES;
				CLANG_WARN_OBJC_ROOT_CLASS = YES_ERROR;
				CLANG_WARN_QUOTED_INCLUDE_IN_FRAMEWORK_HEADER = YES;
				CLANG_WARN_RANGE_LOOP_ANALYSIS = YES;
				CLANG_WARN_STRICT_PROTOTYPES = YES;
				CLANG_WARN_SUSPICIOUS_MOVE = YES;
				CLANG_WARN_UNGUARDED_AVAILABILITY = YES_AGGRESSIVE;
				CLANG_WARN_UNREACHABLE_CODE = YES;
				CLANG_WARN__DUPLICATE_METHOD_MATCH = YES;
				COPY_PHASE_STRIP = NO;
				DEBUG_INFORMATION_FORMAT = dwarf;
				ENABLE_STRICT_OBJC_MSGSEND = YES;
				ENABLE_TESTABILITY = YES;
				ENABLE_USER_SCRIPT_SANDBOXING = YES;
				GCC_C_LANGUAGE_STANDARD = gnu17;
				GCC_DYNAMIC_NO_PIC = NO;
				GCC_NO_COMMON_BLOCKS = YES;
				GCC_OPTIMIZATION_LEVEL = 0;
				GCC_PREPROCESSOR_DEFINITIONS = (
					"DEBUG=1",
					"$(inherited)",
				);
				GCC_WARN_64_TO_32_BIT_CONVERSION = YES;
				GCC_WARN_ABOUT_RETURN_TYPE = YES_ERROR;
				GCC_WARN_UNDECLARED_SELECTOR = YES;
				GCC_WARN_UNINITIALIZED_AUTOS = YES_AGGRESSIVE;
				GCC_WARN_UNUSED_FUNCTION = YES;
				GCC_WARN_UNUSED_VARIABLE = YES;
				IPHONEOS_DEPLOYMENT_TARGET = 18.2;
				LOCALIZATION_PREFERS_STRING_CATALOGS = YES;
				MTL_ENABLE_DEBUG_INFO = INCLUDE_SOURCE;
				MTL_FAST_MATH = YES;
				ONLY_ACTIVE_ARCH = YES;
				SDKROOT = iphoneos;
				SWIFT_ACTIVE_COMPILATION_CONDITIONS = "DEBUG $(inherited)";
				SWIFT_OPTIMIZATION_LEVEL = "-Onone";
			};
			name = Debug;
		};
		1505B6CC2D3AC349001F1EB9 /* Release */ = {
			isa = XCBuildConfiguration;
			buildSettings = {
				ALWAYS_SEARCH_USER_PATHS = NO;
				ASSETCATALOG_COMPILER_GENERATE_SWIFT_ASSET_SYMBOL_EXTENSIONS = YES;
				CLANG_ANALYZER_NONNULL = YES;
				CLANG_ANALYZER_NUMBER_OBJECT_CONVERSION = YES_AGGRESSIVE;
				CLANG_CXX_LANGUAGE_STANDARD = "gnu++20";
				CLANG_ENABLE_MODULES = YES;
				CLANG_ENABLE_OBJC_ARC = YES;
				CLANG_ENABLE_OBJC_WEAK = YES;
				CLANG_WARN_BLOCK_CAPTURE_AUTORELEASING = YES;
				CLANG_WARN_BOOL_CONVERSION = YES;
				CLANG_WARN_COMMA = YES;
				CLANG_WARN_CONSTANT_CONVERSION = YES;
				CLANG_WARN_DEPRECATED_OBJC_IMPLEMENTATIONS = YES;
				CLANG_WARN_DIRECT_OBJC_ISA_USAGE = YES_ERROR;
				CLANG_WARN_DOCUMENTATION_COMMENTS = YES;
				CLANG_WARN_EMPTY_BODY = YES;
				CLANG_WARN_ENUM_CONVERSION = YES;
				CLANG_WARN_INFINITE_RECURSION = YES;
				CLANG_WARN_INT_CONVERSION = YES;
				CLANG_WARN_NON_LITERAL_NULL_CONVERSION = YES;
				CLANG_WARN_OBJC_IMPLICIT_RETAIN_SELF = YES;
				CLANG_WARN_OBJC_LITERAL_CONVERSION = YES;
				CLANG_WARN_OBJC_ROOT_CLASS = YES_ERROR;
				CLANG_WARN_QUOTED_INCLUDE_IN_FRAMEWORK_HEADER = YES;
				CLANG_WARN_RANGE_LOOP_ANALYSIS = YES;
				CLANG_WARN_STRICT_PROTOTYPES = YES;
				CLANG_WARN_SUSPICIOUS_MOVE = YES;
				CLANG_WARN_UNGUARDED_AVAILABILITY = YES_AGGRESSIVE;
				CLANG_WARN_UNREACHABLE_CODE = YES;
				CLANG_WARN__DUPLICATE_METHOD_MATCH = YES;
				COPY_PHASE_STRIP = NO;
				DEBUG_INFORMATION_FORMAT = "dwarf-with-dsym";
				ENABLE_NS_ASSERTIONS = NO;
				ENABLE_STRICT_OBJC_MSGSEND = YES;
				ENABLE_USER_SCRIPT_SANDBOXING = YES;
				GCC_C_LANGUAGE_STANDARD = gnu17;
				GCC_NO_COMMON_BLOCKS = YES;
				GCC_WARN_64_TO_32_BIT_CONVERSION = YES;
				GCC_WARN_ABOUT_RETURN_TYPE = YES_ERROR;
				GCC_WARN_UNDECLARED_SELECTOR = YES;
				GCC_WARN_UNINITIALIZED_AUTOS = YES_AGGRESSIVE;
				GCC_WARN_UNUSED_FUNCTION = YES;
				GCC_WARN_UNUSED_VARIABLE = YES;
				IPHONEOS_DEPLOYMENT_TARGET = 18.2;
				LOCALIZATION_PREFERS_STRING_CATALOGS = YES;
				MTL_ENABLE_DEBUG_INFO = NO;
				MTL_FAST_MATH = YES;
				SDKROOT = iphoneos;
				SWIFT_COMPILATION_MODE = wholemodule;
				VALIDATE_PRODUCT = YES;
			};
			name = Release;
		};
		1505B6CE2D3AC349001F1EB9 /* Debug */ = {
			isa = XCBuildConfiguration;
			buildSettings = {
				ASSETCATALOG_COMPILER_APPICON_NAME = AppIcon;
				ASSETCATALOG_COMPILER_GLOBAL_ACCENT_COLOR_NAME = AccentColor;
				CODE_SIGN_STYLE = Automatic;
				CURRENT_PROJECT_VERSION = 1;
				DEVELOPMENT_ASSET_PATHS = "\"Authentication Tutorial/Preview Content\"";
				ENABLE_PREVIEWS = YES;
				GENERATE_INFOPLIST_FILE = YES;
				INFOPLIST_KEY_UIApplicationSceneManifest_Generation = YES;
				INFOPLIST_KEY_UIApplicationSupportsIndirectInputEvents = YES;
				INFOPLIST_KEY_UILaunchScreen_Generation = YES;
				INFOPLIST_KEY_UISupportedInterfaceOrientations_iPad = "UIInterfaceOrientationPortrait UIInterfaceOrientationPortraitUpsideDown UIInterfaceOrientationLandscapeLeft UIInterfaceOrientationLandscapeRight";
				INFOPLIST_KEY_UISupportedInterfaceOrientations_iPhone = "UIInterfaceOrientationPortrait UIInterfaceOrientationLandscapeLeft UIInterfaceOrientationLandscapeRight";
				LD_RUNPATH_SEARCH_PATHS = (
					"$(inherited)",
					"@executable_path/Frameworks",
				);
				MARKETING_VERSION = 1.0;
				PRODUCT_BUNDLE_IDENTIFIER = "E2-Productions.Authentication-Tutorial";
				PRODUCT_NAME = "$(TARGET_NAME)";
				SWIFT_EMIT_LOC_STRINGS = YES;
				SWIFT_VERSION = 5.0;
				TARGETED_DEVICE_FAMILY = "1,2";
			};
			name = Debug;
		};
		1505B6CF2D3AC349001F1EB9 /* Release */ = {
			isa = XCBuildConfiguration;
			buildSettings = {
				ASSETCATALOG_COMPILER_APPICON_NAME = AppIcon;
				ASSETCATALOG_COMPILER_GLOBAL_ACCENT_COLOR_NAME = AccentColor;
				CODE_SIGN_STYLE = Automatic;
				CURRENT_PROJECT_VERSION = 1;
				DEVELOPMENT_ASSET_PATHS = "\"Authentication Tutorial/Preview Content\"";
				ENABLE_PREVIEWS = YES;
				GENERATE_INFOPLIST_FILE = YES;
				INFOPLIST_KEY_UIApplicationSceneManifest_Generation = YES;
				INFOPLIST_KEY_UIApplicationSupportsIndirectInputEvents = YES;
				INFOPLIST_KEY_UILaunchScreen_Generation = YES;
				INFOPLIST_KEY_UISupportedInterfaceOrientations_iPad = "UIInterfaceOrientationPortrait UIInterfaceOrientationPortraitUpsideDown UIInterfaceOrientationLandscapeLeft UIInterfaceOrientationLandscapeRight";
				INFOPLIST_KEY_UISupportedInterfaceOrientations_iPhone = "UIInterfaceOrientationPortrait UIInterfaceOrientationLandscapeLeft UIInterfaceOrientationLandscapeRight";
				LD_RUNPATH_SEARCH_PATHS = (
					"$(inherited)",
					"@executable_path/Frameworks",
				);
				MARKETING_VERSION = 1.0;
				PRODUCT_BUNDLE_IDENTIFIER = "E2-Productions.Authentication-Tutorial";
				PRODUCT_NAME = "$(TARGET_NAME)";
				SWIFT_EMIT_LOC_STRINGS = YES;
				SWIFT_VERSION = 5.0;
				TARGETED_DEVICE_FAMILY = "1,2";
			};
			name = Release;
		};
		1505B6D12D3AC349001F1EB9 /* Debug */ = {
			isa = XCBuildConfiguration;
			buildSettings = {
				BUNDLE_LOADER = "$(TEST_HOST)";
				CODE_SIGN_STYLE = Automatic;
				CURRENT_PROJECT_VERSION = 1;
				GENERATE_INFOPLIST_FILE = YES;
				IPHONEOS_DEPLOYMENT_TARGET = 18.2;
				MARKETING_VERSION = 1.0;
				PRODUCT_BUNDLE_IDENTIFIER = "E2-Productions.Authentication-TutorialTests";
				PRODUCT_NAME = "$(TARGET_NAME)";
				SWIFT_EMIT_LOC_STRINGS = NO;
				SWIFT_VERSION = 5.0;
				TARGETED_DEVICE_FAMILY = "1,2";
				TEST_HOST = "$(BUILT_PRODUCTS_DIR)/Authentication Tutorial.app/$(BUNDLE_EXECUTABLE_FOLDER_PATH)/Authentication Tutorial";
			};
			name = Debug;
		};
		1505B6D22D3AC349001F1EB9 /* Release */ = {
			isa = XCBuildConfiguration;
			buildSettings = {
				BUNDLE_LOADER = "$(TEST_HOST)";
				CODE_SIGN_STYLE = Automatic;
				CURRENT_PROJECT_VERSION = 1;
				GENERATE_INFOPLIST_FILE = YES;
				IPHONEOS_DEPLOYMENT_TARGET = 18.2;
				MARKETING_VERSION = 1.0;
				PRODUCT_BUNDLE_IDENTIFIER = "E2-Productions.Authentication-TutorialTests";
				PRODUCT_NAME = "$(TARGET_NAME)";
				SWIFT_EMIT_LOC_STRINGS = NO;
				SWIFT_VERSION = 5.0;
				TARGETED_DEVICE_FAMILY = "1,2";
				TEST_HOST = "$(BUILT_PRODUCTS_DIR)/Authentication Tutorial.app/$(BUNDLE_EXECUTABLE_FOLDER_PATH)/Authentication Tutorial";
			};
			name = Release;
		};
		1505B6D42D3AC349001F1EB9 /* Debug */ = {
			isa = XCBuildConfiguration;
			buildSettings = {
				CODE_SIGN_STYLE = Automatic;
				CURRENT_PROJECT_VERSION = 1;
				GENERATE_INFOPLIST_FILE = YES;
				MARKETING_VERSION = 1.0;
				PRODUCT_BUNDLE_IDENTIFIER = "E2-Productions.Authentication-TutorialUITests";
				PRODUCT_NAME = "$(TARGET_NAME)";
				SWIFT_EMIT_LOC_STRINGS = NO;
				SWIFT_VERSION = 5.0;
				TARGETED_DEVICE_FAMILY = "1,2";
				TEST_TARGET_NAME = "Authentication Tutorial";
			};
			name = Debug;
		};
		1505B6D52D3AC349001F1EB9 /* Release */ = {
			isa = XCBuildConfiguration;
			buildSettings = {
				CODE_SIGN_STYLE = Automatic;
				CURRENT_PROJECT_VERSION = 1;
				GENERATE_INFOPLIST_FILE = YES;
				MARKETING_VERSION = 1.0;
				PRODUCT_BUNDLE_IDENTIFIER = "E2-Productions.Authentication-TutorialUITests";
				PRODUCT_NAME = "$(TARGET_NAME)";
				SWIFT_EMIT_LOC_STRINGS = NO;
				SWIFT_VERSION = 5.0;
				TARGETED_DEVICE_FAMILY = "1,2";
				TEST_TARGET_NAME = "Authentication Tutorial";
			};
			name = Release;
		};
/* End XCBuildConfiguration section */

/* Begin XCConfigurationList section */
		1505B6A42D3AC348001F1EB9 /* Build configuration list for PBXProject "Authentication Tutorial" */ = {
			isa = XCConfigurationList;
			buildConfigurations = (
				1505B6CB2D3AC349001F1EB9 /* Debug */,
				1505B6CC2D3AC349001F1EB9 /* Release */,
			);
			defaultConfigurationIsVisible = 0;
			defaultConfigurationName = Release;
		};
		1505B6CD2D3AC349001F1EB9 /* Build configuration list for PBXNativeTarget "Authentication Tutorial" */ = {
			isa = XCConfigurationList;
			buildConfigurations = (
				1505B6CE2D3AC349001F1EB9 /* Debug */,
				1505B6CF2D3AC349001F1EB9 /* Release */,
			);
			defaultConfigurationIsVisible = 0;
			defaultConfigurationName = Release;
		};
		1505B6D02D3AC349001F1EB9 /* Build configuration list for PBXNativeTarget "Authentication TutorialTests" */ = {
			isa = XCConfigurationList;
			buildConfigurations = (
				1505B6D12D3AC349001F1EB9 /* Debug */,
				1505B6D22D3AC349001F1EB9 /* Release */,
			);
			defaultConfigurationIsVisible = 0;
			defaultConfigurationName = Release;
		};
		1505B6D32D3AC349001F1EB9 /* Build configuration list for PBXNativeTarget "Authentication TutorialUITests" */ = {
			isa = XCConfigurationList;
			buildConfigurations = (
				1505B6D42D3AC349001F1EB9 /* Debug */,
				1505B6D52D3AC349001F1EB9 /* Release */,
			);
			defaultConfigurationIsVisible = 0;
			defaultConfigurationName = Release;
		};
/* End XCConfigurationList section */

/* Begin XCRemoteSwiftPackageReference section */
		1505B6D62D3AC3AB001F1EB9 /* XCRemoteSwiftPackageReference "firebase-ios-sdk" */ = {
			isa = XCRemoteSwiftPackageReference;
			repositoryURL = "https://github.com/firebase/firebase-ios-sdk.git";
			requirement = {
				kind = upToNextMajorVersion;
				minimumVersion = 11.7.0;
			};
		};
/* End XCRemoteSwiftPackageReference section */

/* Begin XCSwiftPackageProductDependency section */
		1505B6D72D3AC3AB001F1EB9 /* FirebaseAuth */ = {
			isa = XCSwiftPackageProductDependency;
			package = 1505B6D62D3AC3AB001F1EB9 /* XCRemoteSwiftPackageReference "firebase-ios-sdk" */;
			productName = FirebaseAuth;
		};
		1505B6D92D3AC3AB001F1EB9 /* FirebaseFirestore */ = {
			isa = XCSwiftPackageProductDependency;
			package = 1505B6D62D3AC3AB001F1EB9 /* XCRemoteSwiftPackageReference "firebase-ios-sdk" */;
			productName = FirebaseFirestore;
		};
/* End XCSwiftPackageProductDependency section */
	};
	rootObject = 1505B6A12D3AC348001F1EB9 /* Project object */;
}
